<?xml version="1.0" encoding="utf-8"?>
<Project ToolsVersion="4.0" xmlns="http://schemas.microsoft.com/developer/msbuild/2003">
  <ItemGroup>
    <Filter Include="來源檔案">
      <UniqueIdentifier>{4FC737F1-C7A5-4376-A066-2A32D752A2FF}</UniqueIdentifier>
      <Extensions>cpp;c;cc;cxx;def;odl;idl;hpj;bat;asm;asmx</Extensions>
    </Filter>
    <Filter Include="標頭檔">
      <UniqueIdentifier>{93995380-89BD-4b04-88EB-625FBE52EBFB}</UniqueIdentifier>
      <Extensions>h;hh;hpp;hxx;hm;inl;inc;ipp;xsd</Extensions>
    </Filter>
    <Filter Include="資源檔">
      <UniqueIdentifier>{67DA6AB6-F800-4c08-8B7A-83BB121AAD01}</UniqueIdentifier>
      <Extensions>rc;ico;cur;bmp;dlg;rc2;rct;bin;rgs;gif;jpg;jpeg;jpe;resx;tiff;tif;png;wav;mfcribbon-ms</Extensions>
    </Filter>
    <Filter Include="來源檔案\Window">
      <UniqueIdentifier>{947b5ee3-47c7-45f7-a169-0d1086d6de6b}</UniqueIdentifier>
    </Filter>
    <Filter Include="來源檔案\Scene">
      <UniqueIdentifier>{40d04999-e712-410d-8e6d-6b6df23610fb}</UniqueIdentifier>
    </Filter>
    <Filter Include="來源檔案\GraphicEngine">
      <UniqueIdentifier>{d6f97a72-975d-41f4-8bf0-c935a50bc691}</UniqueIdentifier>
    </Filter>
    <Filter Include="來源檔案\PhysicsEngine">
      <UniqueIdentifier>{a30fc190-2c85-44cf-a7d4-d42dfb45de9e}</UniqueIdentifier>
    </Filter>
    <Filter Include="來源檔案\Header">
      <UniqueIdentifier>{07d1b799-dbe3-42d1-83dc-de0e2c4e71b5}</UniqueIdentifier>
    </Filter>
    <Filter Include="來源檔案\Reader">
      <UniqueIdentifier>{fea1b5de-6c67-43da-9357-cea1f186c999}</UniqueIdentifier>
    </Filter>
    <Filter Include="標頭檔\GraphicEngine">
      <UniqueIdentifier>{09b5d71d-5045-4e5c-8ade-c6056dc24c44}</UniqueIdentifier>
    </Filter>
    <Filter Include="標頭檔\Header">
      <UniqueIdentifier>{202815ab-558f-46c7-8087-0ee3e684156d}</UniqueIdentifier>
    </Filter>
    <Filter Include="標頭檔\Reader">
      <UniqueIdentifier>{d9eaa2cf-ee9d-4848-8e16-0289a7651a99}</UniqueIdentifier>
    </Filter>
    <Filter Include="標頭檔\PhysicsEngine">
      <UniqueIdentifier>{6cb90b46-efd3-4676-85d6-1059fe1cf355}</UniqueIdentifier>
    </Filter>
    <Filter Include="標頭檔\Scene">
      <UniqueIdentifier>{aa27488d-60a6-4ac7-8e9a-3a34483fe006}</UniqueIdentifier>
    </Filter>
    <Filter Include="標頭檔\Window">
      <UniqueIdentifier>{8323fbe8-e0e9-44bf-a843-01bffd8b1624}</UniqueIdentifier>
    </Filter>
    <Filter Include="標頭檔\Test">
      <UniqueIdentifier>{7d31bb6f-1e95-4c90-88ab-ae416bfa8dbd}</UniqueIdentifier>
    </Filter>
  </ItemGroup>
  <ItemGroup>
    <ClCompile Include="src\main.cpp">
      <Filter>來源檔案</Filter>
    </ClCompile>
    <ClCompile Include="src\GraphicEngine\Shader.cpp">
      <Filter>來源檔案\GraphicEngine</Filter>
    </ClCompile>
    <ClCompile Include="src\GraphicEngine\VAO.cpp">
      <Filter>來源檔案\GraphicEngine</Filter>
    </ClCompile>
    <ClCompile Include="src\Window\WindowManagement.cpp">
      <Filter>來源檔案\Window</Filter>
    </ClCompile>
    <ClCompile Include="src\Reader\Reader.cpp">
      <Filter>來源檔案\Reader</Filter>
    </ClCompile>
    <ClCompile Include="src\Header\_var.cpp">
      <Filter>來源檔案\Header</Filter>
    </ClCompile>
    <ClCompile Include="src\Header\Eye.cpp">
      <Filter>來源檔案\Header</Filter>
    </ClCompile>
  </ItemGroup>
  <ItemGroup>
    <ClInclude Include="include\GraphicEngine\Material.h">
      <Filter>標頭檔\GraphicEngine</Filter>
    </ClInclude>
    <ClInclude Include="include\GraphicEngine\Shader.h">
      <Filter>標頭檔\GraphicEngine</Filter>
    </ClInclude>
    <ClInclude Include="include\GraphicEngine\VAO.h">
      <Filter>標頭檔\GraphicEngine</Filter>
    </ClInclude>
    <ClInclude Include="include\Header\_var.h">
      <Filter>標頭檔\Header</Filter>
    </ClInclude>
    <ClInclude Include="include\Header\Eye.h">
      <Filter>標頭檔\Header</Filter>
    </ClInclude>
    <ClInclude Include="include\Window\WindowManagement.h">
      <Filter>標頭檔\Window</Filter>
    </ClInclude>
    <ClInclude Include="include\Scene\Light.h">
      <Filter>標頭檔\Scene</Filter>
    </ClInclude>
    <ClInclude Include="include\PhysicsEngine\PhysicsEngine.h">
      <Filter>標頭檔\PhysicsEngine</Filter>
    </ClInclude>
    <ClInclude Include="include\Reader\Reader.h">
      <Filter>標頭檔\Reader</Filter>
    </ClInclude>
    <ClInclude Include="include\Test\Test.h">
      <Filter>標頭檔\Test</Filter>
    </ClInclude>
  </ItemGroup>
</Project>